
Microsoft Visual Studio Solution File, Format Version 12.00
# Visual Studio Version 17
VisualStudioVersion = 17.4.33110.190
MinimumVisualStudioVersion = 10.0.40219.1
Project("{FAE04EC0-301F-11D3-BF4B-00C04F79EFBC}") = "WindowsFormsApp1", "WindowsFormsApp1\WindowsFormsApp1.csproj", "{DC929447-9899-4B5B-9EC4-F144AA874EEA}"
EndProject
Global
	GlobalSection(SolutionConfigurationPlatforms) = preSolution
		Debug|Any CPU = Debug|Any CPU
		Release|Any CPU = Release|Any CPU
	EndGlobalSection
	GlobalSection(ProjectConfigurationPlatforms) = postSolution
		{DC929447-9899-4B5B-9EC4-F144AA874EEA}.Debug|Any CPU.ActiveCfg = Debug|Any CPU
		{DC929447-9899-4B5B-9EC4-F144AA874EEA}.Debug|Any CPU.Build.0 = Debug|Any CPU
		{DC929447-9899-4B5B-9EC4-F144AA874EEA}.Release|Any CPU.ActiveCfg = Release|Any CPU
		{DC929447-9899-4B5B-9EC4-F144AA874EEA}.Release|Any CPU.Build.0 = Release|Any CPU
	EndGlobalSection
	GlobalSection(SolutionProperties) = preSolution
		HideSolutionNode = FALSE
	EndGlobalSection
	GlobalSection(ExtensibilityGlobals) = postSolution
		SolutionGuid = {51F83CDF-E2A9-42A1-A5B7-91C3B90B7A0C}
	EndGlobalSection
EndGlobal
